
Microsoft Visual Studio Solution File, Format Version 12.00
# Visual Studio 15
VisualStudioVersion = 15.0.28307.421
MinimumVisualStudioVersion = 10.0.40219.1
Project("{9A19103F-16F7-4668-BE54-9A1E7A4F7556}") = "Translator", "Translator\Translator.csproj", "{47BD012D-3C48-43DF-B778-65D05B6324B3}"
EndProject
Project("{FAE04EC0-301F-11D3-BF4B-00C04F79EFBC}") = "RemoteKeyValueStorage", "RemoteKeyValueStorage\RemoteKeyValueStorage.csproj", "{E721AD37-126C-485A-B4EE-10A31EA1A178}"
EndProject
Global
	GlobalSection(SolutionConfigurationPlatforms) = preSolution
		Debug|Any CPU = Debug|Any CPU
		Release|Any CPU = Release|Any CPU
	EndGlobalSection
	GlobalSection(ProjectConfigurationPlatforms) = postSolution
		{47BD012D-3C48-43DF-B778-65D05B6324B3}.Debug|Any CPU.ActiveCfg = Debug|Any CPU
		{47BD012D-3C48-43DF-B778-65D05B6324B3}.Debug|Any CPU.Build.0 = Debug|Any CPU
		{47BD012D-3C48-43DF-B778-65D05B6324B3}.Release|Any CPU.ActiveCfg = Release|Any CPU
		{47BD012D-3C48-43DF-B778-65D05B6324B3}.Release|Any CPU.Build.0 = Release|Any CPU
		{E721AD37-126C-485A-B4EE-10A31EA1A178}.Debug|Any CPU.ActiveCfg = Debug|Any CPU
		{E721AD37-126C-485A-B4EE-10A31EA1A178}.Debug|Any CPU.Build.0 = Debug|Any CPU
		{E721AD37-126C-485A-B4EE-10A31EA1A178}.Release|Any CPU.ActiveCfg = Release|Any CPU
		{E721AD37-126C-485A-B4EE-10A31EA1A178}.Release|Any CPU.Build.0 = Release|Any CPU
	EndGlobalSection
	GlobalSection(SolutionProperties) = preSolution
		HideSolutionNode = FALSE
	EndGlobalSection
	GlobalSection(ExtensibilityGlobals) = postSolution
		SolutionGuid = {D232C7E3-2E33-4282-B8DB-A365908C57E9}
	EndGlobalSection
EndGlobal
